
Microsoft Visual Studio Solution File, Format Version 12.00
# Visual Studio Version 17
VisualStudioVersion = 17.13.35919.96
MinimumVisualStudioVersion = 10.0.40219.1
Project("{FAE04EC0-301F-11D3-BF4B-00C04F79EFBC}") = "HotwheelsClub", "HotwheelsClub\HotwheelsClub.csproj", "{AAC0670B-573D-42E3-9DAF-988CBEFB5EAC}"
EndProject
Project("{FAE04EC0-301F-11D3-BF4B-00C04F79EFBC}") = "HotwheelsClub.test", "HotwheelsClub.test\HotwheelsClub.test.csproj", "{D3637827-5DB2-45B0-BC1E-3AE2419916CE}"
EndProject
Project("{FAE04EC0-301F-11D3-BF4B-00C04F79EFBC}") = "HotwheelsClub.Repository", "HotwheelsClub.Repository\HotwheelsClub.Repository.csproj", "{7BB52AD6-5A8C-4EDC-AF12-FDE5EAEAE066}"
EndProject
Project("{FAE04EC0-301F-11D3-BF4B-00C04F79EFBC}") = "HotwheelsClub.Services", "HotwheelsClub.Services\HotwheelsClub.Services.csproj", "{044FCE08-980B-46DE-8B7B-0743DCC282D2}"
EndProject
Global
	GlobalSection(SolutionConfigurationPlatforms) = preSolution
		Debug|Any CPU = Debug|Any CPU
		Release|Any CPU = Release|Any CPU
	EndGlobalSection
	GlobalSection(ProjectConfigurationPlatforms) = postSolution
		{AAC0670B-573D-42E3-9DAF-988CBEFB5EAC}.Debug|Any CPU.ActiveCfg = Debug|Any CPU
		{AAC0670B-573D-42E3-9DAF-988CBEFB5EAC}.Debug|Any CPU.Build.0 = Debug|Any CPU
		{AAC0670B-573D-42E3-9DAF-988CBEFB5EAC}.Release|Any CPU.ActiveCfg = Release|Any CPU
		{AAC0670B-573D-42E3-9DAF-988CBEFB5EAC}.Release|Any CPU.Build.0 = Release|Any CPU
		{D3637827-5DB2-45B0-BC1E-3AE2419916CE}.Debug|Any CPU.ActiveCfg = Debug|Any CPU
		{D3637827-5DB2-45B0-BC1E-3AE2419916CE}.Debug|Any CPU.Build.0 = Debug|Any CPU
		{D3637827-5DB2-45B0-BC1E-3AE2419916CE}.Release|Any CPU.ActiveCfg = Release|Any CPU
		{D3637827-5DB2-45B0-BC1E-3AE2419916CE}.Release|Any CPU.Build.0 = Release|Any CPU
		{7BB52AD6-5A8C-4EDC-AF12-FDE5EAEAE066}.Debug|Any CPU.ActiveCfg = Debug|Any CPU
		{7BB52AD6-5A8C-4EDC-AF12-FDE5EAEAE066}.Debug|Any CPU.Build.0 = Debug|Any CPU
		{7BB52AD6-5A8C-4EDC-AF12-FDE5EAEAE066}.Release|Any CPU.ActiveCfg = Release|Any CPU
		{7BB52AD6-5A8C-4EDC-AF12-FDE5EAEAE066}.Release|Any CPU.Build.0 = Release|Any CPU
		{044FCE08-980B-46DE-8B7B-0743DCC282D2}.Debug|Any CPU.ActiveCfg = Debug|Any CPU
		{044FCE08-980B-46DE-8B7B-0743DCC282D2}.Debug|Any CPU.Build.0 = Debug|Any CPU
		{044FCE08-980B-46DE-8B7B-0743DCC282D2}.Release|Any CPU.ActiveCfg = Release|Any CPU
		{044FCE08-980B-46DE-8B7B-0743DCC282D2}.Release|Any CPU.Build.0 = Release|Any CPU
	EndGlobalSection
	GlobalSection(SolutionProperties) = preSolution
		HideSolutionNode = FALSE
	EndGlobalSection
	GlobalSection(ExtensibilityGlobals) = postSolution
		SolutionGuid = {1383C312-E8A7-4DF7-8F3B-6EB160A9496A}
	EndGlobalSection
EndGlobal
